
Microsoft Visual Studio Solution File, Format Version 12.00
# Visual Studio 15
VisualStudioVersion = 15.0.28010.2036
MinimumVisualStudioVersion = 10.0.40219.1
Project("{FAE04EC0-301F-11D3-BF4B-00C04F79EFBC}") = "Demo-HttpClientFactory", "Demo-HttpClientFactory\Demo-HttpClientFactory.csproj", "{C47DFC8A-4899-4D90-A096-49EA7F0F30AA}"
EndProject
Global
	GlobalSection(SolutionConfigurationPlatforms) = preSolution
		Debug|Any CPU = Debug|Any CPU
		Release|Any CPU = Release|Any CPU
	EndGlobalSection
	GlobalSection(ProjectConfigurationPlatforms) = postSolution
		{C47DFC8A-4899-4D90-A096-49EA7F0F30AA}.Debug|Any CPU.ActiveCfg = Debug|Any CPU
		{C47DFC8A-4899-4D90-A096-49EA7F0F30AA}.Debug|Any CPU.Build.0 = Debug|Any CPU
		{C47DFC8A-4899-4D90-A096-49EA7F0F30AA}.Release|Any CPU.ActiveCfg = Release|Any CPU
		{C47DFC8A-4899-4D90-A096-49EA7F0F30AA}.Release|Any CPU.Build.0 = Release|Any CPU
	EndGlobalSection
	GlobalSection(SolutionProperties) = preSolution
		HideSolutionNode = FALSE
	EndGlobalSection
	GlobalSection(ExtensibilityGlobals) = postSolution
		SolutionGuid = {BF5B5831-235E-4F11-83EB-5B8001618E17}
	EndGlobalSection
EndGlobal
